
Microsoft Visual Studio Solution File, Format Version 12.00
# Visual Studio 15
VisualStudioVersion = 15.0.26124.0
MinimumVisualStudioVersion = 15.0.26124.0
Project("{2150E333-8FDC-42A3-9474-1A3956D46DE8}") = ".paket", ".paket", "{63B64F14-B415-47A8-BFC9-2B0EF2E764A6}"
	ProjectSection(SolutionItems) = preProject
		..\paket.dependencies = ..\paket.dependencies
	EndProjectSection
EndProject
Project("{9A19103F-16F7-4668-BE54-9A1E7A4F7556}") = "web", "web\web.csproj", "{C470742E-828C-4311-AE68-E1DAD973AB29}"
EndProject
Project("{2150E333-8FDC-42A3-9474-1A3956D46DE8}") = "Solution Items", "Solution Items", "{B988E8DF-564B-4351-ACA5-7917E9B24142}"
	ProjectSection(SolutionItems) = preProject
		..\.editorconfig = ..\.editorconfig
		Directory.Build.props = Directory.Build.props
		Directory.Build.targets = Directory.Build.targets
		..\README.md = ..\README.md
	EndProjectSection
EndProject
Project("{9A19103F-16F7-4668-BE54-9A1E7A4F7556}") = "web.Tests.Unit", "web.Tests.Unit\web.Tests.Unit.csproj", "{80EEBF35-6B9C-417B-A078-26576FFC4547}"
EndProject
Global
	GlobalSection(SolutionConfigurationPlatforms) = preSolution
		Debug|Any CPU = Debug|Any CPU
		Debug|x64 = Debug|x64
		Debug|x86 = Debug|x86
		Release|Any CPU = Release|Any CPU
		Release|x64 = Release|x64
		Release|x86 = Release|x86
	EndGlobalSection
	GlobalSection(ProjectConfigurationPlatforms) = postSolution
		{C470742E-828C-4311-AE68-E1DAD973AB29}.Debug|Any CPU.ActiveCfg = Debug|Any CPU
		{C470742E-828C-4311-AE68-E1DAD973AB29}.Debug|Any CPU.Build.0 = Debug|Any CPU
		{C470742E-828C-4311-AE68-E1DAD973AB29}.Debug|x64.ActiveCfg = Debug|Any CPU
		{C470742E-828C-4311-AE68-E1DAD973AB29}.Debug|x64.Build.0 = Debug|Any CPU
		{C470742E-828C-4311-AE68-E1DAD973AB29}.Debug|x86.ActiveCfg = Debug|Any CPU
		{C470742E-828C-4311-AE68-E1DAD973AB29}.Debug|x86.Build.0 = Debug|Any CPU
		{C470742E-828C-4311-AE68-E1DAD973AB29}.Release|Any CPU.ActiveCfg = Release|Any CPU
		{C470742E-828C-4311-AE68-E1DAD973AB29}.Release|Any CPU.Build.0 = Release|Any CPU
		{C470742E-828C-4311-AE68-E1DAD973AB29}.Release|x64.ActiveCfg = Release|Any CPU
		{C470742E-828C-4311-AE68-E1DAD973AB29}.Release|x64.Build.0 = Release|Any CPU
		{C470742E-828C-4311-AE68-E1DAD973AB29}.Release|x86.ActiveCfg = Release|Any CPU
		{C470742E-828C-4311-AE68-E1DAD973AB29}.Release|x86.Build.0 = Release|Any CPU
		{80EEBF35-6B9C-417B-A078-26576FFC4547}.Debug|Any CPU.ActiveCfg = Debug|Any CPU
		{80EEBF35-6B9C-417B-A078-26576FFC4547}.Debug|Any CPU.Build.0 = Debug|Any CPU
		{80EEBF35-6B9C-417B-A078-26576FFC4547}.Debug|x64.ActiveCfg = Debug|Any CPU
		{80EEBF35-6B9C-417B-A078-26576FFC4547}.Debug|x64.Build.0 = Debug|Any CPU
		{80EEBF35-6B9C-417B-A078-26576FFC4547}.Debug|x86.ActiveCfg = Debug|Any CPU
		{80EEBF35-6B9C-417B-A078-26576FFC4547}.Debug|x86.Build.0 = Debug|Any CPU
		{80EEBF35-6B9C-417B-A078-26576FFC4547}.Release|Any CPU.ActiveCfg = Release|Any CPU
		{80EEBF35-6B9C-417B-A078-26576FFC4547}.Release|Any CPU.Build.0 = Release|Any CPU
		{80EEBF35-6B9C-417B-A078-26576FFC4547}.Release|x64.ActiveCfg = Release|Any CPU
		{80EEBF35-6B9C-417B-A078-26576FFC4547}.Release|x64.Build.0 = Release|Any CPU
		{80EEBF35-6B9C-417B-A078-26576FFC4547}.Release|x86.ActiveCfg = Release|Any CPU
		{80EEBF35-6B9C-417B-A078-26576FFC4547}.Release|x86.Build.0 = Release|Any CPU
	EndGlobalSection
	GlobalSection(SolutionProperties) = preSolution
		HideSolutionNode = FALSE
	EndGlobalSection
	GlobalSection(ExtensibilityGlobals) = postSolution
		SolutionGuid = {49391B6F-8FCE-458A-BEF4-B85D2B2AFCD6}
	EndGlobalSection
EndGlobal
